
Microsoft Visual Studio Solution File, Format Version 12.00
# Visual Studio 15
VisualStudioVersion = 15.0.27703.2042
MinimumVisualStudioVersion = 10.0.40219.1
Project("{9A19103F-16F7-4668-BE54-9A1E7A4F7556}") = "ProcessPipeline", "ProcessPipeline\ProcessPipeline.csproj", "{B0701ACF-C9E0-4835-8787-925D0A6EFB36}"
EndProject
Project("{9A19103F-16F7-4668-BE54-9A1E7A4F7556}") = "ProcessPipeline.Test", "ProcessPipeline.Test\ProcessPipeline.Test.csproj", "{901BCC9B-101A-41C4-9944-53EC7AD71B4E}"
	ProjectSection(ProjectDependencies) = postProject
		{F4613733-FC19-47E0-98CF-FAFE4FA7543C} = {F4613733-FC19-47E0-98CF-FAFE4FA7543C}
	EndProjectSection
EndProject
Project("{9A19103F-16F7-4668-BE54-9A1E7A4F7556}") = "TestChild", "TestChild\TestChild.csproj", "{F4613733-FC19-47E0-98CF-FAFE4FA7543C}"
EndProject
Project("{FAE04EC0-301F-11D3-BF4B-00C04F79EFBC}") = "ProcessPipeline.Example", "ProcessPipeline.Example\ProcessPipeline.Example.csproj", "{0070EB5F-91AC-41AA-972A-8C2075D329CE}"
EndProject
Global
	GlobalSection(SolutionConfigurationPlatforms) = preSolution
		Debug|Any CPU = Debug|Any CPU
		Release|Any CPU = Release|Any CPU
	EndGlobalSection
	GlobalSection(ProjectConfigurationPlatforms) = postSolution
		{B0701ACF-C9E0-4835-8787-925D0A6EFB36}.Debug|Any CPU.ActiveCfg = Debug|Any CPU
		{B0701ACF-C9E0-4835-8787-925D0A6EFB36}.Debug|Any CPU.Build.0 = Debug|Any CPU
		{B0701ACF-C9E0-4835-8787-925D0A6EFB36}.Release|Any CPU.ActiveCfg = Release|Any CPU
		{B0701ACF-C9E0-4835-8787-925D0A6EFB36}.Release|Any CPU.Build.0 = Release|Any CPU
		{901BCC9B-101A-41C4-9944-53EC7AD71B4E}.Debug|Any CPU.ActiveCfg = Debug|Any CPU
		{901BCC9B-101A-41C4-9944-53EC7AD71B4E}.Debug|Any CPU.Build.0 = Debug|Any CPU
		{901BCC9B-101A-41C4-9944-53EC7AD71B4E}.Release|Any CPU.ActiveCfg = Release|Any CPU
		{901BCC9B-101A-41C4-9944-53EC7AD71B4E}.Release|Any CPU.Build.0 = Release|Any CPU
		{F4613733-FC19-47E0-98CF-FAFE4FA7543C}.Debug|Any CPU.ActiveCfg = Debug|Any CPU
		{F4613733-FC19-47E0-98CF-FAFE4FA7543C}.Debug|Any CPU.Build.0 = Debug|Any CPU
		{F4613733-FC19-47E0-98CF-FAFE4FA7543C}.Release|Any CPU.ActiveCfg = Release|Any CPU
		{F4613733-FC19-47E0-98CF-FAFE4FA7543C}.Release|Any CPU.Build.0 = Release|Any CPU
		{0070EB5F-91AC-41AA-972A-8C2075D329CE}.Debug|Any CPU.ActiveCfg = Debug|Any CPU
		{0070EB5F-91AC-41AA-972A-8C2075D329CE}.Debug|Any CPU.Build.0 = Debug|Any CPU
		{0070EB5F-91AC-41AA-972A-8C2075D329CE}.Release|Any CPU.ActiveCfg = Release|Any CPU
		{0070EB5F-91AC-41AA-972A-8C2075D329CE}.Release|Any CPU.Build.0 = Release|Any CPU
	EndGlobalSection
	GlobalSection(SolutionProperties) = preSolution
		HideSolutionNode = FALSE
	EndGlobalSection
	GlobalSection(ExtensibilityGlobals) = postSolution
		SolutionGuid = {99E69FAD-659F-43A5-9F6F-AB5050052F4E}
	EndGlobalSection
EndGlobal
